{
  "nodes": {
    "flake-utils": {
      "inputs": {
        "systems": "systems"
      },
      "locked": {
        "lastModified": 1681202837,
        "narHash": "sha256-H+Rh19JDwRtpVPAWp64F+rlEtxUWBAQW28eAi3SRSzg=",
        "owner": "numtide",
        "repo": "flake-utils",
        "rev": "cfacdce06f30d2b68473a46042957675eebb3401",
        "type": "github"
      },
      "original": {
        "owner": "numtide",
        "repo": "flake-utils",
        "type": "github"
      }
    },
    "lazy-nvim": {
      "flake": false,
      "locked": {
        "lastModified": 1685190974,
        "narHash": "sha256-RnjO0obOQseZwu5HTnM0JxL+f83c71QAqyo7l4EfN6c=",
        "owner": "folke",
        "repo": "lazy.nvim",
        "rev": "7f34cb892b985d0aecef09412380420961721786",
        "type": "github"
      },
      "original": {
        "owner": "folke",
        "ref": "v9.20.0",
        "repo": "lazy.nvim",
        "type": "github"
      }
    },
    "nixpkgs": {
      "locked": {
        "lastModified": 1685004253,
        "narHash": "sha256-AbVL1nN/TDicUQ5wXZ8xdLERxz/eJr7+o8lqkIOVuaE=",
        "owner": "nixos",
        "repo": "nixpkgs",
        "rev": "3e01645c40b92d29f3ae76344a6d654986a91a91",
        "type": "github"
      },
      "original": {
        "owner": "nixos",
        "ref": "nixos-23.05",
        "repo": "nixpkgs",
        "type": "github"
      }
    },
    "nvim-surround": {
      "flake": false,
      "locked": {
        "lastModified": 1680469684,
        "narHash": "sha256-XKYi8JeTiXlEsGw7hjYi52W5PCfbvbTfOAqzVgZTyBQ=",
        "owner": "kylechui",
        "repo": "nvim-surround",
        "rev": "e6047128e57c1aff1566fb9f627521d2887fc77a",
        "type": "github"
      },
      "original": {
        "owner": "kylechui",
        "ref": "v2.0.5",
        "repo": "nvim-surround",
        "type": "github"
      }
    },
    "plenary-nvim": {
      "flake": false,
      "locked": {
        "lastModified": 1676797549,
        "narHash": "sha256-z5JHuQcF1EvySnRBywl6EOrp8aRO0nd2dnkXJg2ge58=",
        "owner": "nvim-lua",
        "repo": "plenary.nvim",
        "rev": "253d34830709d690f013daf2853a9d21ad7accab",
        "type": "github"
      },
      "original": {
        "owner": "nvim-lua",
        "ref": "v0.1.3",
        "repo": "plenary.nvim",
        "type": "github"
      }
    },
    "root": {
      "inputs": {
        "flake-utils": "flake-utils",
        "lazy-nvim": "lazy-nvim",
        "nixpkgs": "nixpkgs",
        "nvim-surround": "nvim-surround",
        "plenary-nvim": "plenary-nvim"
      }
    },
    "systems": {
      "locked": {
        "lastModified": 1681028828,
        "narHash": "sha256-Vy1rq5AaRuLzOxct8nz4T6wlgyUR7zLU309k9mBC768=",
        "owner": "nix-systems",
        "repo": "default",
        "rev": "da67096a3b9bf56a91d16901293e51ba5b49a27e",
        "type": "github"
      },
      "original": {
        "owner": "nix-systems",
        "repo": "default",
        "type": "github"
      }
    }
  },
  "root": "root",
  "version": 7
}
